
Microsoft Visual Studio Solution File, Format Version 12.00
# Visual Studio Version 17
VisualStudioVersion = 17.7.34031.279
MinimumVisualStudioVersion = 10.0.40219.1
Project("{9A19103F-16F7-4668-BE54-9A1E7A4F7556}") = "OidcSampleApp", "OidcSampleApp.csproj", "{C29344F5-F791-42F7-8ADB-E747346D0815}"
EndProject
Global
	GlobalSection(SolutionConfigurationPlatforms) = preSolution
		Debug|Any CPU = Debug|Any CPU
		Release|Any CPU = Release|Any CPU
	EndGlobalSection
	GlobalSection(ProjectConfigurationPlatforms) = postSolution
		{C29344F5-F791-42F7-8ADB-E747346D0815}.Debug|Any CPU.ActiveCfg = Debug|Any CPU
		{C29344F5-F791-42F7-8ADB-E747346D0815}.Debug|Any CPU.Build.0 = Debug|Any CPU
		{C29344F5-F791-42F7-8ADB-E747346D0815}.Release|Any CPU.ActiveCfg = Release|Any CPU
		{C29344F5-F791-42F7-8ADB-E747346D0815}.Release|Any CPU.Build.0 = Release|Any CPU
	EndGlobalSection
	GlobalSection(SolutionProperties) = preSolution
		HideSolutionNode = FALSE
	EndGlobalSection
	GlobalSection(ExtensibilityGlobals) = postSolution
		SolutionGuid = {0AC6DE85-857F-4EF2-9011-97162D0A24BC}
	EndGlobalSection
EndGlobal
